{
  "name": "@ritik-prog/publishing-software-packages-npm",
    "version": "1.0.0",
    "lockfileVersion": 2,
    "requires": true,
    "packages": {
        "": {
      "name": "@ritik-prog/publishing-software-packages-npm",
            "version": "1.0.0",
            "license": "ISC"
        }
    }
}
